// !$*UTF8*$!
{
	archiveVersion = 1;
	classes = {
	};
	objectVersion = 48;
	objects = {

/* Begin PBXBuildFile section */
		C1CC77BC77D13FC3567B4661 /* Pods_MusicProject.framework in Frameworks */ = {isa = PBXBuildFile; fileRef = 429EBA15504B5A86481FC475 /* Pods_MusicProject.framework */; };
		CA396E811EF420DF00DF24EA /* SegueRouter.swift in Sources */ = {isa = PBXBuildFile; fileRef = CA396E801EF420DF00DF24EA /* SegueRouter.swift */; };
		CA3C313D1EFE9E3900552A1B /* SongManager.swift in Sources */ = {isa = PBXBuildFile; fileRef = CA3C313C1EFE9E3900552A1B /* SongManager.swift */; };
		CA3C31411EFEDA0F00552A1B /* UIImageView+Blur.swift in Sources */ = {isa = PBXBuildFile; fileRef = CA3C31401EFEDA0F00552A1B /* UIImageView+Blur.swift */; };
		CA5E5B411EEC7D3E0049B210 /* Playlist.swift in Sources */ = {isa = PBXBuildFile; fileRef = CA5E5B401EEC7D3E0049B210 /* Playlist.swift */; };
		CA5E5B431EEC7D530049B210 /* Song.swift in Sources */ = {isa = PBXBuildFile; fileRef = CA5E5B421EEC7D530049B210 /* Song.swift */; };
		CA5E5B451EEC89140049B210 /* PlaylistTableViewCell.swift in Sources */ = {isa = PBXBuildFile; fileRef = CA5E5B441EEC89140049B210 /* PlaylistTableViewCell.swift */; };
		CA5E5B471EEC8A8C0049B210 /* DatabaseManager.swift in Sources */ = {isa = PBXBuildFile; fileRef = CA5E5B461EEC8A8C0049B210 /* DatabaseManager.swift */; };
		CA5E5B4A1EEC8DE90049B210 /* NotificationManager.swift in Sources */ = {isa = PBXBuildFile; fileRef = CA5E5B491EEC8DE90049B210 /* NotificationManager.swift */; };
		CA6ACF7E1EFFD35C000DA63C /* ContactViewController.swift in Sources */ = {isa = PBXBuildFile; fileRef = CA6ACF7D1EFFD35C000DA63C /* ContactViewController.swift */; };
		CA6ACF801EFFE87B000DA63C /* DonateViewController.swift in Sources */ = {isa = PBXBuildFile; fileRef = CA6ACF7F1EFFE87B000DA63C /* DonateViewController.swift */; };
		CA6ACF831EFFFEF4000DA63C /* ClubViewCell.swift in Sources */ = {isa = PBXBuildFile; fileRef = CA6ACF821EFFFEF4000DA63C /* ClubViewCell.swift */; };
		CA6ACF851EFFFFEC000DA63C /* ListOfClubsViewController.swift in Sources */ = {isa = PBXBuildFile; fileRef = CA6ACF841EFFFFEC000DA63C /* ListOfClubsViewController.swift */; };
		CA6ACF871F000005000DA63C /* ClubViewController.swift in Sources */ = {isa = PBXBuildFile; fileRef = CA6ACF861F000005000DA63C /* ClubViewController.swift */; };
		CA6ACF891F001304000DA63C /* Club.swift in Sources */ = {isa = PBXBuildFile; fileRef = CA6ACF881F001304000DA63C /* Club.swift */; };
		CA96180C1EEC74F900B75202 /* APIManager.swift in Sources */ = {isa = PBXBuildFile; fileRef = CA96180B1EEC74F900B75202 /* APIManager.swift */; };
		CA96180E1EEC758E00B75202 /* ListOfPlaylistsViewController.swift in Sources */ = {isa = PBXBuildFile; fileRef = CA96180D1EEC758E00B75202 /* ListOfPlaylistsViewController.swift */; };
		CA9618101EEC75B800B75202 /* PlaylistViewController.swift in Sources */ = {isa = PBXBuildFile; fileRef = CA96180F1EEC75B800B75202 /* PlaylistViewController.swift */; };
		CA9618121EEC75CC00B75202 /* TrackViewController.swift in Sources */ = {isa = PBXBuildFile; fileRef = CA9618111EEC75CC00B75202 /* TrackViewController.swift */; };
		CAB245681EF9876C0033AEA8 /* UIImage+Color.swift in Sources */ = {isa = PBXBuildFile; fileRef = CAB245671EF9876C0033AEA8 /* UIImage+Color.swift */; };
		CAB2456C1EFD555A0033AEA8 /* SongViewCell.swift in Sources */ = {isa = PBXBuildFile; fileRef = CAB2456B1EFD555A0033AEA8 /* SongViewCell.swift */; };
		CAB2456E1EFE736F0033AEA8 /* Collection+Shuffle.swift in Sources */ = {isa = PBXBuildFile; fileRef = CAB2456D1EFE736F0033AEA8 /* Collection+Shuffle.swift */; };
		CAB91B181EF94E8200A69544 /* MenuViewCell.swift in Sources */ = {isa = PBXBuildFile; fileRef = CAB91B171EF94E8200A69544 /* MenuViewCell.swift */; };
		CAD0B80E1EE482C000C8B2B1 /* AppDelegate.swift in Sources */ = {isa = PBXBuildFile; fileRef = CAD0B80D1EE482C000C8B2B1 /* AppDelegate.swift */; };
		CAD0B8131EE482C000C8B2B1 /* Main.storyboard in Resources */ = {isa = PBXBuildFile; fileRef = CAD0B8111EE482C000C8B2B1 /* Main.storyboard */; };
		CAD0B8181EE482C000C8B2B1 /* LaunchScreen.storyboard in Resources */ = {isa = PBXBuildFile; fileRef = CAD0B8161EE482C000C8B2B1 /* LaunchScreen.storyboard */; };
		CAD521F91FE679DB00264ABD /* Media.xcassets in Resources */ = {isa = PBXBuildFile; fileRef = CAD521F81FE679DB00264ABD /* Media.xcassets */; };
		CAE0B3001EF93C51005EE0FD /* MenuViewController.swift in Sources */ = {isa = PBXBuildFile; fileRef = CAE0B2FF1EF93C51005EE0FD /* MenuViewController.swift */; };
		CAE70C101EF5B47C0069106E /* TrackViewMode.swift in Sources */ = {isa = PBXBuildFile; fileRef = CAE70C0F1EF5B47C0069106E /* TrackViewMode.swift */; };
		CAE81F3A1FFFD64500C3E658 /* RightsPoliticsViewController.swift in Sources */ = {isa = PBXBuildFile; fileRef = CAE81F391FFFD64500C3E658 /* RightsPoliticsViewController.swift */; };
		CAEED8F61F06830F00D848F2 /* NetworkChecker.swift in Sources */ = {isa = PBXBuildFile; fileRef = CAEED8F51F06830F00D848F2 /* NetworkChecker.swift */; };
/* End PBXBuildFile section */

/* Begin PBXFileReference section */
		429EBA15504B5A86481FC475 /* Pods_MusicProject.framework */ = {isa = PBXFileReference; explicitFileType = wrapper.framework; includeInIndex = 0; path = Pods_MusicProject.framework; sourceTree = BUILT_PRODUCTS_DIR; };
		70D9E64C2A94D868E9F1C076 /* Pods-MusicProject.debug.xcconfig */ = {isa = PBXFileReference; includeInIndex = 1; lastKnownFileType = text.xcconfig; name = "Pods-MusicProject.debug.xcconfig"; path = "Pods/Target Support Files/Pods-MusicProject/Pods-MusicProject.debug.xcconfig"; sourceTree = "<group>"; };
		9DC2A7EE25B2EE4BCEB03104 /* Pods-MusicProject.release.xcconfig */ = {isa = PBXFileReference; includeInIndex = 1; lastKnownFileType = text.xcconfig; name = "Pods-MusicProject.release.xcconfig"; path = "Pods/Target Support Files/Pods-MusicProject/Pods-MusicProject.release.xcconfig"; sourceTree = "<group>"; };
		CA396E801EF420DF00DF24EA /* SegueRouter.swift */ = {isa = PBXFileReference; fileEncoding = 4; lastKnownFileType = sourcecode.swift; path = SegueRouter.swift; sourceTree = "<group>"; };
		CA3C313C1EFE9E3900552A1B /* SongManager.swift */ = {isa = PBXFileReference; fileEncoding = 4; lastKnownFileType = sourcecode.swift; path = SongManager.swift; sourceTree = "<group>"; };
		CA3C31401EFEDA0F00552A1B /* UIImageView+Blur.swift */ = {isa = PBXFileReference; fileEncoding = 4; lastKnownFileType = sourcecode.swift; path = "UIImageView+Blur.swift"; sourceTree = "<group>"; };
		CA5E5B401EEC7D3E0049B210 /* Playlist.swift */ = {isa = PBXFileReference; fileEncoding = 4; lastKnownFileType = sourcecode.swift; path = Playlist.swift; sourceTree = "<group>"; };
		CA5E5B421EEC7D530049B210 /* Song.swift */ = {isa = PBXFileReference; fileEncoding = 4; lastKnownFileType = sourcecode.swift; path = Song.swift; sourceTree = "<group>"; };
		CA5E5B441EEC89140049B210 /* PlaylistTableViewCell.swift */ = {isa = PBXFileReference; fileEncoding = 4; lastKnownFileType = sourcecode.swift; path = PlaylistTableViewCell.swift; sourceTree = "<group>"; };
		CA5E5B461EEC8A8C0049B210 /* DatabaseManager.swift */ = {isa = PBXFileReference; fileEncoding = 4; lastKnownFileType = sourcecode.swift; path = DatabaseManager.swift; sourceTree = "<group>"; };
		CA5E5B491EEC8DE90049B210 /* NotificationManager.swift */ = {isa = PBXFileReference; fileEncoding = 4; lastKnownFileType = sourcecode.swift; path = NotificationManager.swift; sourceTree = "<group>"; };
		CA6ACF7D1EFFD35C000DA63C /* ContactViewController.swift */ = {isa = PBXFileReference; fileEncoding = 4; lastKnownFileType = sourcecode.swift; path = ContactViewController.swift; sourceTree = "<group>"; };
		CA6ACF7F1EFFE87B000DA63C /* DonateViewController.swift */ = {isa = PBXFileReference; fileEncoding = 4; lastKnownFileType = sourcecode.swift; path = DonateViewController.swift; sourceTree = "<group>"; };
		CA6ACF821EFFFEF4000DA63C /* ClubViewCell.swift */ = {isa = PBXFileReference; fileEncoding = 4; lastKnownFileType = sourcecode.swift; path = ClubViewCell.swift; sourceTree = "<group>"; };
		CA6ACF841EFFFFEC000DA63C /* ListOfClubsViewController.swift */ = {isa = PBXFileReference; fileEncoding = 4; lastKnownFileType = sourcecode.swift; path = ListOfClubsViewController.swift; sourceTree = "<group>"; };
		CA6ACF861F000005000DA63C /* ClubViewController.swift */ = {isa = PBXFileReference; fileEncoding = 4; lastKnownFileType = sourcecode.swift; path = ClubViewController.swift; sourceTree = "<group>"; };
		CA6ACF881F001304000DA63C /* Club.swift */ = {isa = PBXFileReference; fileEncoding = 4; lastKnownFileType = sourcecode.swift; path = Club.swift; sourceTree = "<group>"; };
		CA96180B1EEC74F900B75202 /* APIManager.swift */ = {isa = PBXFileReference; fileEncoding = 4; lastKnownFileType = sourcecode.swift; path = APIManager.swift; sourceTree = "<group>"; };
		CA96180D1EEC758E00B75202 /* ListOfPlaylistsViewController.swift */ = {isa = PBXFileReference; fileEncoding = 4; lastKnownFileType = sourcecode.swift; path = ListOfPlaylistsViewController.swift; sourceTree = "<group>"; };
		CA96180F1EEC75B800B75202 /* PlaylistViewController.swift */ = {isa = PBXFileReference; fileEncoding = 4; lastKnownFileType = sourcecode.swift; path = PlaylistViewController.swift; sourceTree = "<group>"; };
		CA9618111EEC75CC00B75202 /* TrackViewController.swift */ = {isa = PBXFileReference; fileEncoding = 4; lastKnownFileType = sourcecode.swift; path = TrackViewController.swift; sourceTree = "<group>"; };
		CAB245671EF9876C0033AEA8 /* UIImage+Color.swift */ = {isa = PBXFileReference; fileEncoding = 4; lastKnownFileType = sourcecode.swift; path = "UIImage+Color.swift"; sourceTree = "<group>"; };
		CAB2456B1EFD555A0033AEA8 /* SongViewCell.swift */ = {isa = PBXFileReference; fileEncoding = 4; lastKnownFileType = sourcecode.swift; path = SongViewCell.swift; sourceTree = "<group>"; };
		CAB2456D1EFE736F0033AEA8 /* Collection+Shuffle.swift */ = {isa = PBXFileReference; fileEncoding = 4; lastKnownFileType = sourcecode.swift; path = "Collection+Shuffle.swift"; sourceTree = "<group>"; };
		CAB91B171EF94E8200A69544 /* MenuViewCell.swift */ = {isa = PBXFileReference; fileEncoding = 4; lastKnownFileType = sourcecode.swift; path = MenuViewCell.swift; sourceTree = "<group>"; };
		CAD0B80A1EE482C000C8B2B1 /* MusicProject.app */ = {isa = PBXFileReference; explicitFileType = wrapper.application; includeInIndex = 0; path = MusicProject.app; sourceTree = BUILT_PRODUCTS_DIR; };
		CAD0B80D1EE482C000C8B2B1 /* AppDelegate.swift */ = {isa = PBXFileReference; lastKnownFileType = sourcecode.swift; path = AppDelegate.swift; sourceTree = "<group>"; };
		CAD0B8121EE482C000C8B2B1 /* Base */ = {isa = PBXFileReference; lastKnownFileType = file.storyboard; name = Base; path = Base.lproj/Main.storyboard; sourceTree = "<group>"; };
		CAD0B8171EE482C000C8B2B1 /* Base */ = {isa = PBXFileReference; lastKnownFileType = file.storyboard; name = Base; path = Base.lproj/LaunchScreen.storyboard; sourceTree = "<group>"; };
		CAD0B8191EE482C000C8B2B1 /* Info.plist */ = {isa = PBXFileReference; lastKnownFileType = text.plist.xml; path = Info.plist; sourceTree = "<group>"; };
		CAD521F81FE679DB00264ABD /* Media.xcassets */ = {isa = PBXFileReference; lastKnownFileType = folder.assetcatalog; path = Media.xcassets; sourceTree = "<group>"; };
		CAE0B2FF1EF93C51005EE0FD /* MenuViewController.swift */ = {isa = PBXFileReference; fileEncoding = 4; lastKnownFileType = sourcecode.swift; path = MenuViewController.swift; sourceTree = "<group>"; };
		CAE70C0F1EF5B47C0069106E /* TrackViewMode.swift */ = {isa = PBXFileReference; fileEncoding = 4; lastKnownFileType = sourcecode.swift; path = TrackViewMode.swift; sourceTree = "<group>"; };
		CAE81F391FFFD64500C3E658 /* RightsPoliticsViewController.swift */ = {isa = PBXFileReference; lastKnownFileType = sourcecode.swift; path = RightsPoliticsViewController.swift; sourceTree = "<group>"; };
		CAEED8F51F06830F00D848F2 /* NetworkChecker.swift */ = {isa = PBXFileReference; fileEncoding = 4; lastKnownFileType = sourcecode.swift; path = NetworkChecker.swift; sourceTree = "<group>"; };
/* End PBXFileReference section */

/* Begin PBXFrameworksBuildPhase section */
		CAD0B8071EE482BF00C8B2B1 /* Frameworks */ = {
			isa = PBXFrameworksBuildPhase;
			buildActionMask = 2147483647;
			files = (
				C1CC77BC77D13FC3567B4661 /* Pods_MusicProject.framework in Frameworks */,
			);
			runOnlyForDeploymentPostprocessing = 0;
		};
/* End PBXFrameworksBuildPhase section */

/* Begin PBXGroup section */
		60F4475FBDE67E8DEF6C1870 /* Frameworks */ = {
			isa = PBXGroup;
			children = (
				429EBA15504B5A86481FC475 /* Pods_MusicProject.framework */,
			);
			name = Frameworks;
			sourceTree = "<group>";
		};
		74F15B13BF51901331836984 /* Pods */ = {
			isa = PBXGroup;
			children = (
				70D9E64C2A94D868E9F1C076 /* Pods-MusicProject.debug.xcconfig */,
				9DC2A7EE25B2EE4BCEB03104 /* Pods-MusicProject.release.xcconfig */,
			);
			name = Pods;
			sourceTree = "<group>";
		};
		CA5E5B481EEC8DB80049B210 /* Extentions */ = {
			isa = PBXGroup;
			children = (
				CA5E5B491EEC8DE90049B210 /* NotificationManager.swift */,
				CAB245671EF9876C0033AEA8 /* UIImage+Color.swift */,
				CAB2456D1EFE736F0033AEA8 /* Collection+Shuffle.swift */,
				CA3C31401EFEDA0F00552A1B /* UIImageView+Blur.swift */,
			);
			name = Extentions;
			sourceTree = "<group>";
		};
		CA6ACF811EFFFEB2000DA63C /* Cells */ = {
			isa = PBXGroup;
			children = (
				CA5E5B441EEC89140049B210 /* PlaylistTableViewCell.swift */,
				CAB91B171EF94E8200A69544 /* MenuViewCell.swift */,
				CAB2456B1EFD555A0033AEA8 /* SongViewCell.swift */,
				CA6ACF821EFFFEF4000DA63C /* ClubViewCell.swift */,
			);
			name = Cells;
			sourceTree = "<group>";
		};
		CA9618071EEC748C00B75202 /* Controllers */ = {
			isa = PBXGroup;
			children = (
				CA96180D1EEC758E00B75202 /* ListOfPlaylistsViewController.swift */,
				CA96180F1EEC75B800B75202 /* PlaylistViewController.swift */,
				CA9618111EEC75CC00B75202 /* TrackViewController.swift */,
				CAE0B2FF1EF93C51005EE0FD /* MenuViewController.swift */,
				CA6ACF7D1EFFD35C000DA63C /* ContactViewController.swift */,
				CA6ACF7F1EFFE87B000DA63C /* DonateViewController.swift */,
				CA6ACF841EFFFFEC000DA63C /* ListOfClubsViewController.swift */,
				CA6ACF861F000005000DA63C /* ClubViewController.swift */,
				CAE81F391FFFD64500C3E658 /* RightsPoliticsViewController.swift */,
			);
			name = Controllers;
			sourceTree = "<group>";
		};
		CA9618081EEC749900B75202 /* Models */ = {
			isa = PBXGroup;
			children = (
				CA5E5B401EEC7D3E0049B210 /* Playlist.swift */,
				CA5E5B421EEC7D530049B210 /* Song.swift */,
				CA6ACF881F001304000DA63C /* Club.swift */,
			);
			name = Models;
			sourceTree = "<group>";
		};
		CA9618091EEC74A100B75202 /* Views */ = {
			isa = PBXGroup;
			children = (
				CA6ACF811EFFFEB2000DA63C /* Cells */,
				CAD0B8161EE482C000C8B2B1 /* LaunchScreen.storyboard */,
				CAD0B8111EE482C000C8B2B1 /* Main.storyboard */,
			);
			name = Views;
			sourceTree = "<group>";
		};
		CA96180A1EEC74A800B75202 /* Helpers */ = {
			isa = PBXGroup;
			children = (
				CA96180B1EEC74F900B75202 /* APIManager.swift */,
				CA5E5B461EEC8A8C0049B210 /* DatabaseManager.swift */,
				CA396E801EF420DF00DF24EA /* SegueRouter.swift */,
				CAE70C0F1EF5B47C0069106E /* TrackViewMode.swift */,
				CA3C313C1EFE9E3900552A1B /* SongManager.swift */,
				CAEED8F51F06830F00D848F2 /* NetworkChecker.swift */,
			);
			name = Helpers;
			sourceTree = "<group>";
		};
		CAD0B8011EE482BF00C8B2B1 = {
			isa = PBXGroup;
			children = (
				CAD0B80C1EE482C000C8B2B1 /* MusicProject */,
				CAD0B80B1EE482C000C8B2B1 /* Products */,
				74F15B13BF51901331836984 /* Pods */,
				60F4475FBDE67E8DEF6C1870 /* Frameworks */,
			);
			sourceTree = "<group>";
		};
		CAD0B80B1EE482C000C8B2B1 /* Products */ = {
			isa = PBXGroup;
			children = (
				CAD0B80A1EE482C000C8B2B1 /* MusicProject.app */,
			);
			name = Products;
			sourceTree = "<group>";
		};
		CAD0B80C1EE482C000C8B2B1 /* MusicProject */ = {
			isa = PBXGroup;
			children = (
				CA5E5B481EEC8DB80049B210 /* Extentions */,
				CA96180A1EEC74A800B75202 /* Helpers */,
				CA9618091EEC74A100B75202 /* Views */,
				CA9618081EEC749900B75202 /* Models */,
				CA9618071EEC748C00B75202 /* Controllers */,
				CAD0B80D1EE482C000C8B2B1 /* AppDelegate.swift */,
				CAD0B8191EE482C000C8B2B1 /* Info.plist */,
				CAD521F81FE679DB00264ABD /* Media.xcassets */,
			);
			path = MusicProject;
			sourceTree = "<group>";
		};
/* End PBXGroup section */

/* Begin PBXNativeTarget section */
		CAD0B8091EE482BF00C8B2B1 /* MusicProject */ = {
			isa = PBXNativeTarget;
			buildConfigurationList = CAD0B81C1EE482C000C8B2B1 /* Build configuration list for PBXNativeTarget "MusicProject" */;
			buildPhases = (
				F3040157EEF14BC0816376EF /* [CP] Check Pods Manifest.lock */,
				CAD0B8061EE482BF00C8B2B1 /* Sources */,
				CAD0B8071EE482BF00C8B2B1 /* Frameworks */,
				CAD0B8081EE482BF00C8B2B1 /* Resources */,
				666FF0FFC2C73B3B421557AD /* [CP] Embed Pods Frameworks */,
				ECD959900679C0BB6B28A4B0 /* [CP] Copy Pods Resources */,
			);
			buildRules = (
			);
			dependencies = (
			);
			name = MusicProject;
			productName = MusicProject;
			productReference = CAD0B80A1EE482C000C8B2B1 /* MusicProject.app */;
			productType = "com.apple.product-type.application";
		};
/* End PBXNativeTarget section */

/* Begin PBXProject section */
		CAD0B8021EE482BF00C8B2B1 /* Project object */ = {
			isa = PBXProject;
			attributes = {
				LastSwiftUpdateCheck = 0830;
				LastUpgradeCheck = 0920;
				ORGANIZATIONNAME = "Кирилл Володин";
				TargetAttributes = {
					CAD0B8091EE482BF00C8B2B1 = {
						CreatedOnToolsVersion = 8.3.2;
						ProvisioningStyle = Manual;
					};
				};
			};
			buildConfigurationList = CAD0B8051EE482BF00C8B2B1 /* Build configuration list for PBXProject "MusicProject" */;
			compatibilityVersion = "Xcode 8.0";
			developmentRegion = English;
			hasScannedForEncodings = 0;
			knownRegions = (
				en,
				Base,
			);
			mainGroup = CAD0B8011EE482BF00C8B2B1;
			productRefGroup = CAD0B80B1EE482C000C8B2B1 /* Products */;
			projectDirPath = "";
			projectRoot = "";
			targets = (
				CAD0B8091EE482BF00C8B2B1 /* MusicProject */,
			);
		};
/* End PBXProject section */

/* Begin PBXResourcesBuildPhase section */
		CAD0B8081EE482BF00C8B2B1 /* Resources */ = {
			isa = PBXResourcesBuildPhase;
			buildActionMask = 2147483647;
			files = (
				CAD0B8181EE482C000C8B2B1 /* LaunchScreen.storyboard in Resources */,
				CAD521F91FE679DB00264ABD /* Media.xcassets in Resources */,
				CAD0B8131EE482C000C8B2B1 /* Main.storyboard in Resources */,
			);
			runOnlyForDeploymentPostprocessing = 0;
		};
/* End PBXResourcesBuildPhase section */

/* Begin PBXShellScriptBuildPhase section */
		666FF0FFC2C73B3B421557AD /* [CP] Embed Pods Frameworks */ = {
			isa = PBXShellScriptBuildPhase;
			buildActionMask = 2147483647;
			files = (
			);
			inputPaths = (
			);
			name = "[CP] Embed Pods Frameworks";
			outputPaths = (
			);
			runOnlyForDeploymentPostprocessing = 0;
			shellPath = /bin/sh;
			shellScript = "\"${SRCROOT}/Pods/Target Support Files/Pods-MusicProject/Pods-MusicProject-frameworks.sh\"\n";
			showEnvVarsInLog = 0;
		};
		ECD959900679C0BB6B28A4B0 /* [CP] Copy Pods Resources */ = {
			isa = PBXShellScriptBuildPhase;
			buildActionMask = 2147483647;
			files = (
			);
			inputPaths = (
			);
			name = "[CP] Copy Pods Resources";
			outputPaths = (
			);
			runOnlyForDeploymentPostprocessing = 0;
			shellPath = /bin/sh;
			shellScript = "\"${SRCROOT}/Pods/Target Support Files/Pods-MusicProject/Pods-MusicProject-resources.sh\"\n";
			showEnvVarsInLog = 0;
		};
		F3040157EEF14BC0816376EF /* [CP] Check Pods Manifest.lock */ = {
			isa = PBXShellScriptBuildPhase;
			buildActionMask = 2147483647;
			files = (
			);
			inputPaths = (
			);
			name = "[CP] Check Pods Manifest.lock";
			outputPaths = (
			);
			runOnlyForDeploymentPostprocessing = 0;
			shellPath = /bin/sh;
			shellScript = "diff \"${PODS_PODFILE_DIR_PATH}/Podfile.lock\" \"${PODS_ROOT}/Manifest.lock\" > /dev/null\nif [ $? != 0 ] ; then\n    # print error to STDERR\n    echo \"error: The sandbox is not in sync with the Podfile.lock. Run 'pod install' or update your CocoaPods installation.\" >&2\n    exit 1\nfi\n";
			showEnvVarsInLog = 0;
		};
/* End PBXShellScriptBuildPhase section */

/* Begin PBXSourcesBuildPhase section */
		CAD0B8061EE482BF00C8B2B1 /* Sources */ = {
			isa = PBXSourcesBuildPhase;
			buildActionMask = 2147483647;
			files = (
				CA5E5B431EEC7D530049B210 /* Song.swift in Sources */,
				CA9618101EEC75B800B75202 /* PlaylistViewController.swift in Sources */,
				CA6ACF871F000005000DA63C /* ClubViewController.swift in Sources */,
				CA5E5B4A1EEC8DE90049B210 /* NotificationManager.swift in Sources */,
				CA96180C1EEC74F900B75202 /* APIManager.swift in Sources */,
				CA5E5B451EEC89140049B210 /* PlaylistTableViewCell.swift in Sources */,
				CA6ACF851EFFFFEC000DA63C /* ListOfClubsViewController.swift in Sources */,
				CA96180E1EEC758E00B75202 /* ListOfPlaylistsViewController.swift in Sources */,
				CA3C313D1EFE9E3900552A1B /* SongManager.swift in Sources */,
				CA6ACF7E1EFFD35C000DA63C /* ContactViewController.swift in Sources */,
				CAEED8F61F06830F00D848F2 /* NetworkChecker.swift in Sources */,
				CA6ACF891F001304000DA63C /* Club.swift in Sources */,
				CAD0B80E1EE482C000C8B2B1 /* AppDelegate.swift in Sources */,
				CAE81F3A1FFFD64500C3E658 /* RightsPoliticsViewController.swift in Sources */,
				CAE0B3001EF93C51005EE0FD /* MenuViewController.swift in Sources */,
				CAB245681EF9876C0033AEA8 /* UIImage+Color.swift in Sources */,
				CAB2456E1EFE736F0033AEA8 /* Collection+Shuffle.swift in Sources */,
				CA396E811EF420DF00DF24EA /* SegueRouter.swift in Sources */,
				CA3C31411EFEDA0F00552A1B /* UIImageView+Blur.swift in Sources */,
				CAB91B181EF94E8200A69544 /* MenuViewCell.swift in Sources */,
				CA9618121EEC75CC00B75202 /* TrackViewController.swift in Sources */,
				CA5E5B411EEC7D3E0049B210 /* Playlist.swift in Sources */,
				CA5E5B471EEC8A8C0049B210 /* DatabaseManager.swift in Sources */,
				CA6ACF831EFFFEF4000DA63C /* ClubViewCell.swift in Sources */,
				CA6ACF801EFFE87B000DA63C /* DonateViewController.swift in Sources */,
				CAE70C101EF5B47C0069106E /* TrackViewMode.swift in Sources */,
				CAB2456C1EFD555A0033AEA8 /* SongViewCell.swift in Sources */,
			);
			runOnlyForDeploymentPostprocessing = 0;
		};
/* End PBXSourcesBuildPhase section */

/* Begin PBXVariantGroup section */
		CAD0B8111EE482C000C8B2B1 /* Main.storyboard */ = {
			isa = PBXVariantGroup;
			children = (
				CAD0B8121EE482C000C8B2B1 /* Base */,
			);
			name = Main.storyboard;
			sourceTree = "<group>";
		};
		CAD0B8161EE482C000C8B2B1 /* LaunchScreen.storyboard */ = {
			isa = PBXVariantGroup;
			children = (
				CAD0B8171EE482C000C8B2B1 /* Base */,
			);
			name = LaunchScreen.storyboard;
			sourceTree = "<group>";
		};
/* End PBXVariantGroup section */

/* Begin XCBuildConfiguration section */
		CAD0B81A1EE482C000C8B2B1 /* Debug */ = {
			isa = XCBuildConfiguration;
			buildSettings = {
				ALWAYS_SEARCH_USER_PATHS = NO;
				CLANG_ANALYZER_NONNULL = YES;
				CLANG_ANALYZER_NUMBER_OBJECT_CONVERSION = YES_AGGRESSIVE;
				CLANG_CXX_LANGUAGE_STANDARD = "gnu++0x";
				CLANG_CXX_LIBRARY = "libc++";
				CLANG_ENABLE_MODULES = YES;
				CLANG_ENABLE_OBJC_ARC = YES;
				CLANG_WARN_BLOCK_CAPTURE_AUTORELEASING = YES;
				CLANG_WARN_BOOL_CONVERSION = YES;
				CLANG_WARN_COMMA = YES;
				CLANG_WARN_CONSTANT_CONVERSION = YES;
				CLANG_WARN_DIRECT_OBJC_ISA_USAGE = YES_ERROR;
				CLANG_WARN_DOCUMENTATION_COMMENTS = YES;
				CLANG_WARN_EMPTY_BODY = YES;
				CLANG_WARN_ENUM_CONVERSION = YES;
				CLANG_WARN_INFINITE_RECURSION = YES;
				CLANG_WARN_INT_CONVERSION = YES;
				CLANG_WARN_NON_LITERAL_NULL_CONVERSION = YES;
				CLANG_WARN_OBJC_LITERAL_CONVERSION = YES;
				CLANG_WARN_OBJC_ROOT_CLASS = YES_ERROR;
				CLANG_WARN_RANGE_LOOP_ANALYSIS = YES;
				CLANG_WARN_STRICT_PROTOTYPES = YES;
				CLANG_WARN_SUSPICIOUS_MOVE = YES;
				CLANG_WARN_UNREACHABLE_CODE = YES;
				CLANG_WARN__DUPLICATE_METHOD_MATCH = YES;
				"CODE_SIGN_IDENTITY[sdk=iphoneos*]" = "iPhone Developer";
				COPY_PHASE_STRIP = NO;
				DEBUG_INFORMATION_FORMAT = dwarf;
				ENABLE_STRICT_OBJC_MSGSEND = YES;
				ENABLE_TESTABILITY = YES;
				GCC_C_LANGUAGE_STANDARD = gnu99;
				GCC_DYNAMIC_NO_PIC = NO;
				GCC_NO_COMMON_BLOCKS = YES;
				GCC_OPTIMIZATION_LEVEL = 0;
				GCC_PREPROCESSOR_DEFINITIONS = (
					"DEBUG=1",
					"$(inherited)",
				);
				GCC_WARN_64_TO_32_BIT_CONVERSION = YES;
				GCC_WARN_ABOUT_RETURN_TYPE = YES_ERROR;
				GCC_WARN_UNDECLARED_SELECTOR = YES;
				GCC_WARN_UNINITIALIZED_AUTOS = YES_AGGRESSIVE;
				GCC_WARN_UNUSED_FUNCTION = YES;
				GCC_WARN_UNUSED_VARIABLE = YES;
				IPHONEOS_DEPLOYMENT_TARGET = 10.3;
				MTL_ENABLE_DEBUG_INFO = YES;
				ONLY_ACTIVE_ARCH = YES;
				SDKROOT = iphoneos;
				SWIFT_ACTIVE_COMPILATION_CONDITIONS = DEBUG;
				SWIFT_OPTIMIZATION_LEVEL = "-Onone";
				TARGETED_DEVICE_FAMILY = 1;
			};
			name = Debug;
		};
		CAD0B81B1EE482C000C8B2B1 /* Release */ = {
			isa = XCBuildConfiguration;
			buildSettings = {
				ALWAYS_SEARCH_USER_PATHS = NO;
				CLANG_ANALYZER_NONNULL = YES;
				CLANG_ANALYZER_NUMBER_OBJECT_CONVERSION = YES_AGGRESSIVE;
				CLANG_CXX_LANGUAGE_STANDARD = "gnu++0x";
				CLANG_CXX_LIBRARY = "libc++";
				CLANG_ENABLE_MODULES = YES;
				CLANG_ENABLE_OBJC_ARC = YES;
				CLANG_WARN_BLOCK_CAPTURE_AUTORELEASING = YES;
				CLANG_WARN_BOOL_CONVERSION = YES;
				CLANG_WARN_COMMA = YES;
				CLANG_WARN_CONSTANT_CONVERSION = YES;
				CLANG_WARN_DIRECT_OBJC_ISA_USAGE = YES_ERROR;
				CLANG_WARN_DOCUMENTATION_COMMENTS = YES;
				CLANG_WARN_EMPTY_BODY = YES;
				CLANG_WARN_ENUM_CONVERSION = YES;
				CLANG_WARN_INFINITE_RECURSION = YES;
				CLANG_WARN_INT_CONVERSION = YES;
				CLANG_WARN_NON_LITERAL_NULL_CONVERSION = YES;
				CLANG_WARN_OBJC_LITERAL_CONVERSION = YES;
				CLANG_WARN_OBJC_ROOT_CLASS = YES_ERROR;
				CLANG_WARN_RANGE_LOOP_ANALYSIS = YES;
				CLANG_WARN_STRICT_PROTOTYPES = YES;
				CLANG_WARN_SUSPICIOUS_MOVE = YES;
				CLANG_WARN_UNREACHABLE_CODE = YES;
				CLANG_WARN__DUPLICATE_METHOD_MATCH = YES;
				"CODE_SIGN_IDENTITY[sdk=iphoneos*]" = "iPhone Developer";
				COPY_PHASE_STRIP = NO;
				DEBUG_INFORMATION_FORMAT = "dwarf-with-dsym";
				ENABLE_NS_ASSERTIONS = NO;
				ENABLE_STRICT_OBJC_MSGSEND = YES;
				GCC_C_LANGUAGE_STANDARD = gnu99;
				GCC_NO_COMMON_BLOCKS = YES;
				GCC_WARN_64_TO_32_BIT_CONVERSION = YES;
				GCC_WARN_ABOUT_RETURN_TYPE = YES_ERROR;
				GCC_WARN_UNDECLARED_SELECTOR = YES;
				GCC_WARN_UNINITIALIZED_AUTOS = YES_AGGRESSIVE;
				GCC_WARN_UNUSED_FUNCTION = YES;
				GCC_WARN_UNUSED_VARIABLE = YES;
				IPHONEOS_DEPLOYMENT_TARGET = 10.3;
				MTL_ENABLE_DEBUG_INFO = NO;
				SDKROOT = iphoneos;
				SWIFT_OPTIMIZATION_LEVEL = "-Owholemodule";
				TARGETED_DEVICE_FAMILY = 1;
				VALIDATE_PRODUCT = YES;
			};
			name = Release;
		};
		CAD0B81D1EE482C000C8B2B1 /* Debug */ = {
			isa = XCBuildConfiguration;
			baseConfigurationReference = 70D9E64C2A94D868E9F1C076 /* Pods-MusicProject.debug.xcconfig */;
			buildSettings = {
				ASSETCATALOG_COMPILER_APPICON_NAME = AppIcon;
				CODE_SIGN_IDENTITY = "iPhone Distribution: Kirill Volodin (34JVC794SH)";
				"CODE_SIGN_IDENTITY[sdk=iphoneos*]" = "iPhone Distribution: Kirill Volodin (34JVC794SH)";
				DEVELOPMENT_TEAM = 34JVC794SH;
				INFOPLIST_FILE = MusicProject/Info.plist;
				IPHONEOS_DEPLOYMENT_TARGET = 10.3;
				LD_RUNPATH_SEARCH_PATHS = "$(inherited) @executable_path/Frameworks";
				PRODUCT_BUNDLE_IDENTIFIER = RxStudio.DanceMusic;
				PRODUCT_NAME = "$(TARGET_NAME)";
				PROVISIONING_PROFILE = "ffda8748-682e-4f00-86ee-c500695013bb";
				PROVISIONING_PROFILE_SPECIFIER = RxStudioDanceMusic;
				SWIFT_VERSION = 3.0;
				TARGETED_DEVICE_FAMILY = 1;
			};
			name = Debug;
		};
		CAD0B81E1EE482C000C8B2B1 /* Release */ = {
			isa = XCBuildConfiguration;
			baseConfigurationReference = 9DC2A7EE25B2EE4BCEB03104 /* Pods-MusicProject.release.xcconfig */;
			buildSettings = {
				ASSETCATALOG_COMPILER_APPICON_NAME = AppIcon;
				CODE_SIGN_IDENTITY = "iPhone Distribution: Kirill Volodin (34JVC794SH)";
				"CODE_SIGN_IDENTITY[sdk=iphoneos*]" = "iPhone Distribution: Kirill Volodin (34JVC794SH)";
				DEVELOPMENT_TEAM = 34JVC794SH;
				INFOPLIST_FILE = MusicProject/Info.plist;
				IPHONEOS_DEPLOYMENT_TARGET = 10.3;
				LD_RUNPATH_SEARCH_PATHS = "$(inherited) @executable_path/Frameworks";
				PRODUCT_BUNDLE_IDENTIFIER = RxStudio.DanceMusic;
				PRODUCT_NAME = "$(TARGET_NAME)";
				PROVISIONING_PROFILE = "ffda8748-682e-4f00-86ee-c500695013bb";
				PROVISIONING_PROFILE_SPECIFIER = RxStudioDanceMusic;
				SWIFT_VERSION = 3.0;
				TARGETED_DEVICE_FAMILY = 1;
			};
			name = Release;
		};
/* End XCBuildConfiguration section */

/* Begin XCConfigurationList section */
		CAD0B8051EE482BF00C8B2B1 /* Build configuration list for PBXProject "MusicProject" */ = {
			isa = XCConfigurationList;
			buildConfigurations = (
				CAD0B81A1EE482C000C8B2B1 /* Debug */,
				CAD0B81B1EE482C000C8B2B1 /* Release */,
			);
			defaultConfigurationIsVisible = 0;
			defaultConfigurationName = Release;
		};
		CAD0B81C1EE482C000C8B2B1 /* Build configuration list for PBXNativeTarget "MusicProject" */ = {
			isa = XCConfigurationList;
			buildConfigurations = (
				CAD0B81D1EE482C000C8B2B1 /* Debug */,
				CAD0B81E1EE482C000C8B2B1 /* Release */,
			);
			defaultConfigurationIsVisible = 0;
			defaultConfigurationName = Release;
		};
/* End XCConfigurationList section */
	};
	rootObject = CAD0B8021EE482BF00C8B2B1 /* Project object */;
}
